
Microsoft Visual Studio Solution File, Format Version 12.00
# Visual Studio Version 16
VisualStudioVersion = 16.0.31105.61
MinimumVisualStudioVersion = 10.0.40219.1
Project("{FAE04EC0-301F-11D3-BF4B-00C04F79EFBC}") = "OpenClosedPrinciple", "OpenClosedPrinciple\OpenClosedPrinciple.csproj", "{B7640B0F-F0C2-4011-B6A5-C092BAE098F4}"
EndProject
Project("{FAE04EC0-301F-11D3-BF4B-00C04F79EFBC}") = "OCPLibrary", "OCPLibrary\OCPLibrary.csproj", "{CDFAFE0F-3D25-48DA-A848-E6A6BA57C05B}"
EndProject
Global
	GlobalSection(SolutionConfigurationPlatforms) = preSolution
		Debug|Any CPU = Debug|Any CPU
		Release|Any CPU = Release|Any CPU
	EndGlobalSection
	GlobalSection(ProjectConfigurationPlatforms) = postSolution
		{B7640B0F-F0C2-4011-B6A5-C092BAE098F4}.Debug|Any CPU.ActiveCfg = Debug|Any CPU
		{B7640B0F-F0C2-4011-B6A5-C092BAE098F4}.Debug|Any CPU.Build.0 = Debug|Any CPU
		{B7640B0F-F0C2-4011-B6A5-C092BAE098F4}.Release|Any CPU.ActiveCfg = Release|Any CPU
		{B7640B0F-F0C2-4011-B6A5-C092BAE098F4}.Release|Any CPU.Build.0 = Release|Any CPU
		{CDFAFE0F-3D25-48DA-A848-E6A6BA57C05B}.Debug|Any CPU.ActiveCfg = Debug|Any CPU
		{CDFAFE0F-3D25-48DA-A848-E6A6BA57C05B}.Debug|Any CPU.Build.0 = Debug|Any CPU
		{CDFAFE0F-3D25-48DA-A848-E6A6BA57C05B}.Release|Any CPU.ActiveCfg = Release|Any CPU
		{CDFAFE0F-3D25-48DA-A848-E6A6BA57C05B}.Release|Any CPU.Build.0 = Release|Any CPU
	EndGlobalSection
	GlobalSection(SolutionProperties) = preSolution
		HideSolutionNode = FALSE
	EndGlobalSection
	GlobalSection(ExtensibilityGlobals) = postSolution
		SolutionGuid = {12827B5D-547B-4D16-AA7B-C3D66BEB2C92}
	EndGlobalSection
EndGlobal
